
Microsoft Visual Studio Solution File, Format Version 12.00
# Visual Studio Version 16
VisualStudioVersion = 16.0.29806.167
MinimumVisualStudioVersion = 10.0.40219.1
Project("{8BC9CEB8-8B4A-11D0-8D11-00A0C91BC942}") = "Lab01-01", "Lab01-01\Lab01-01.vcxproj", "{D30E0C5F-DC68-4CC9-8529-0EC2BF4572C8}"
EndProject
Project("{8BC9CEB8-8B4A-11D0-8D11-00A0C91BC942}") = "Lab01-02", "Lab01-02\Lab01-02.vcxproj", "{50F7CDF0-4127-42A9-BB81-DA193CB61581}"
EndProject
Project("{8BC9CEB8-8B4A-11D0-8D11-00A0C91BC942}") = "Lab01-03", "Lab01-03\Lab01-03.vcxproj", "{E74C5512-D17D-4082-902D-DBE46A08B576}"
EndProject
Project("{8BC9CEB8-8B4A-11D0-8D11-00A0C91BC942}") = "Lab01-04", "Lab01-04\Lab01-04.vcxproj", "{053D5904-10CA-4744-AE94-4FF60D15E827}"
EndProject
Project("{8BC9CEB8-8B4A-11D0-8D11-00A0C91BC942}") = "Lab01-05", "Lab01-05\Lab01-05.vcxproj", "{F1BABD1D-C35E-477B-9A78-45CEF1D1907D}"
EndProject
Project("{8BC9CEB8-8B4A-11D0-8D11-00A0C91BC942}") = "Lab01-06", "Lab01-06\Lab01-06.vcxproj", "{39EC1BBD-89D7-4CAF-8EAA-8D70F58E89F2}"
EndProject
Project("{8BC9CEB8-8B4A-11D0-8D11-00A0C91BC942}") = "Lab01-07", "Lab01-07\Lab01-07.vcxproj", "{E34C8BB0-7BED-484B-AA13-2E52735EE29C}"
EndProject
Project("{8BC9CEB8-8B4A-11D0-8D11-00A0C91BC942}") = "Lab01-08", "Lab01-08\Lab01-08.vcxproj", "{19A30CA4-775E-42BE-97EA-9F8056084C9A}"
EndProject
Project("{8BC9CEB8-8B4A-11D0-8D11-00A0C91BC942}") = "Lab01-09", "Lab01-09\Lab01-09.vcxproj", "{9E06B37A-4846-4CBD-8C00-429AD6DA22CE}"
EndProject
Global
	GlobalSection(SolutionConfigurationPlatforms) = preSolution
		Debug|x64 = Debug|x64
		Debug|x86 = Debug|x86
		Release|x64 = Release|x64
		Release|x86 = Release|x86
	EndGlobalSection
	GlobalSection(ProjectConfigurationPlatforms) = postSolution
		{D30E0C5F-DC68-4CC9-8529-0EC2BF4572C8}.Debug|x64.ActiveCfg = Debug|x64
		{D30E0C5F-DC68-4CC9-8529-0EC2BF4572C8}.Debug|x64.Build.0 = Debug|x64
		{D30E0C5F-DC68-4CC9-8529-0EC2BF4572C8}.Debug|x86.ActiveCfg = Debug|Win32
		{D30E0C5F-DC68-4CC9-8529-0EC2BF4572C8}.Debug|x86.Build.0 = Debug|Win32
		{D30E0C5F-DC68-4CC9-8529-0EC2BF4572C8}.Release|x64.ActiveCfg = Release|x64
		{D30E0C5F-DC68-4CC9-8529-0EC2BF4572C8}.Release|x64.Build.0 = Release|x64
		{D30E0C5F-DC68-4CC9-8529-0EC2BF4572C8}.Release|x86.ActiveCfg = Release|Win32
		{D30E0C5F-DC68-4CC9-8529-0EC2BF4572C8}.Release|x86.Build.0 = Release|Win32
		{50F7CDF0-4127-42A9-BB81-DA193CB61581}.Debug|x64.ActiveCfg = Debug|x64
		{50F7CDF0-4127-42A9-BB81-DA193CB61581}.Debug|x64.Build.0 = Debug|x64
		{50F7CDF0-4127-42A9-BB81-DA193CB61581}.Debug|x86.ActiveCfg = Debug|Win32
		{50F7CDF0-4127-42A9-BB81-DA193CB61581}.Debug|x86.Build.0 = Debug|Win32
		{50F7CDF0-4127-42A9-BB81-DA193CB61581}.Release|x64.ActiveCfg = Release|x64
		{50F7CDF0-4127-42A9-BB81-DA193CB61581}.Release|x64.Build.0 = Release|x64
		{50F7CDF0-4127-42A9-BB81-DA193CB61581}.Release|x86.ActiveCfg = Release|Win32
		{50F7CDF0-4127-42A9-BB81-DA193CB61581}.Release|x86.Build.0 = Release|Win32
		{E74C5512-D17D-4082-902D-DBE46A08B576}.Debug|x64.ActiveCfg = Debug|x64
		{E74C5512-D17D-4082-902D-DBE46A08B576}.Debug|x64.Build.0 = Debug|x64
		{E74C5512-D17D-4082-902D-DBE46A08B576}.Debug|x86.ActiveCfg = Debug|Win32
		{E74C5512-D17D-4082-902D-DBE46A08B576}.Debug|x86.Build.0 = Debug|Win32
		{E74C5512-D17D-4082-902D-DBE46A08B576}.Release|x64.ActiveCfg = Release|x64
		{E74C5512-D17D-4082-902D-DBE46A08B576}.Release|x64.Build.0 = Release|x64
		{E74C5512-D17D-4082-902D-DBE46A08B576}.Release|x86.ActiveCfg = Release|Win32
		{E74C5512-D17D-4082-902D-DBE46A08B576}.Release|x86.Build.0 = Release|Win32
		{053D5904-10CA-4744-AE94-4FF60D15E827}.Debug|x64.ActiveCfg = Debug|x64
		{053D5904-10CA-4744-AE94-4FF60D15E827}.Debug|x64.Build.0 = Debug|x64
		{053D5904-10CA-4744-AE94-4FF60D15E827}.Debug|x86.ActiveCfg = Debug|Win32
		{053D5904-10CA-4744-AE94-4FF60D15E827}.Debug|x86.Build.0 = Debug|Win32
		{053D5904-10CA-4744-AE94-4FF60D15E827}.Release|x64.ActiveCfg = Release|x64
		{053D5904-10CA-4744-AE94-4FF60D15E827}.Release|x64.Build.0 = Release|x64
		{053D5904-10CA-4744-AE94-4FF60D15E827}.Release|x86.ActiveCfg = Release|Win32
		{053D5904-10CA-4744-AE94-4FF60D15E827}.Release|x86.Build.0 = Release|Win32
		{F1BABD1D-C35E-477B-9A78-45CEF1D1907D}.Debug|x64.ActiveCfg = Debug|x64
		{F1BABD1D-C35E-477B-9A78-45CEF1D1907D}.Debug|x64.Build.0 = Debug|x64
		{F1BABD1D-C35E-477B-9A78-45CEF1D1907D}.Debug|x86.ActiveCfg = Debug|Win32
		{F1BABD1D-C35E-477B-9A78-45CEF1D1907D}.Debug|x86.Build.0 = Debug|Win32
		{F1BABD1D-C35E-477B-9A78-45CEF1D1907D}.Release|x64.ActiveCfg = Release|x64
		{F1BABD1D-C35E-477B-9A78-45CEF1D1907D}.Release|x64.Build.0 = Release|x64
		{F1BABD1D-C35E-477B-9A78-45CEF1D1907D}.Release|x86.ActiveCfg = Release|Win32
		{F1BABD1D-C35E-477B-9A78-45CEF1D1907D}.Release|x86.Build.0 = Release|Win32
		{39EC1BBD-89D7-4CAF-8EAA-8D70F58E89F2}.Debug|x64.ActiveCfg = Debug|x64
		{39EC1BBD-89D7-4CAF-8EAA-8D70F58E89F2}.Debug|x64.Build.0 = Debug|x64
		{39EC1BBD-89D7-4CAF-8EAA-8D70F58E89F2}.Debug|x86.ActiveCfg = Debug|Win32
		{39EC1BBD-89D7-4CAF-8EAA-8D70F58E89F2}.Debug|x86.Build.0 = Debug|Win32
		{39EC1BBD-89D7-4CAF-8EAA-8D70F58E89F2}.Release|x64.ActiveCfg = Release|x64
		{39EC1BBD-89D7-4CAF-8EAA-8D70F58E89F2}.Release|x64.Build.0 = Release|x64
		{39EC1BBD-89D7-4CAF-8EAA-8D70F58E89F2}.Release|x86.ActiveCfg = Release|Win32
		{39EC1BBD-89D7-4CAF-8EAA-8D70F58E89F2}.Release|x86.Build.0 = Release|Win32
		{E34C8BB0-7BED-484B-AA13-2E52735EE29C}.Debug|x64.ActiveCfg = Debug|x64
		{E34C8BB0-7BED-484B-AA13-2E52735EE29C}.Debug|x64.Build.0 = Debug|x64
		{E34C8BB0-7BED-484B-AA13-2E52735EE29C}.Debug|x86.ActiveCfg = Debug|Win32
		{E34C8BB0-7BED-484B-AA13-2E52735EE29C}.Debug|x86.Build.0 = Debug|Win32
		{E34C8BB0-7BED-484B-AA13-2E52735EE29C}.Release|x64.ActiveCfg = Release|x64
		{E34C8BB0-7BED-484B-AA13-2E52735EE29C}.Release|x64.Build.0 = Release|x64
		{E34C8BB0-7BED-484B-AA13-2E52735EE29C}.Release|x86.ActiveCfg = Release|Win32
		{E34C8BB0-7BED-484B-AA13-2E52735EE29C}.Release|x86.Build.0 = Release|Win32
		{19A30CA4-775E-42BE-97EA-9F8056084C9A}.Debug|x64.ActiveCfg = Debug|x64
		{19A30CA4-775E-42BE-97EA-9F8056084C9A}.Debug|x64.Build.0 = Debug|x64
		{19A30CA4-775E-42BE-97EA-9F8056084C9A}.Debug|x86.ActiveCfg = Debug|Win32
		{19A30CA4-775E-42BE-97EA-9F8056084C9A}.Debug|x86.Build.0 = Debug|Win32
		{19A30CA4-775E-42BE-97EA-9F8056084C9A}.Release|x64.ActiveCfg = Release|x64
		{19A30CA4-775E-42BE-97EA-9F8056084C9A}.Release|x64.Build.0 = Release|x64
		{19A30CA4-775E-42BE-97EA-9F8056084C9A}.Release|x86.ActiveCfg = Release|Win32
		{19A30CA4-775E-42BE-97EA-9F8056084C9A}.Release|x86.Build.0 = Release|Win32
		{9E06B37A-4846-4CBD-8C00-429AD6DA22CE}.Debug|x64.ActiveCfg = Debug|x64
		{9E06B37A-4846-4CBD-8C00-429AD6DA22CE}.Debug|x64.Build.0 = Debug|x64
		{9E06B37A-4846-4CBD-8C00-429AD6DA22CE}.Debug|x86.ActiveCfg = Debug|Win32
		{9E06B37A-4846-4CBD-8C00-429AD6DA22CE}.Debug|x86.Build.0 = Debug|Win32
		{9E06B37A-4846-4CBD-8C00-429AD6DA22CE}.Release|x64.ActiveCfg = Release|x64
		{9E06B37A-4846-4CBD-8C00-429AD6DA22CE}.Release|x64.Build.0 = Release|x64
		{9E06B37A-4846-4CBD-8C00-429AD6DA22CE}.Release|x86.ActiveCfg = Release|Win32
		{9E06B37A-4846-4CBD-8C00-429AD6DA22CE}.Release|x86.Build.0 = Release|Win32
	EndGlobalSection
	GlobalSection(SolutionProperties) = preSolution
		HideSolutionNode = FALSE
	EndGlobalSection
	GlobalSection(ExtensibilityGlobals) = postSolution
		SolutionGuid = {1C2A35A4-65AD-4BB9-9C8B-08E7F5A8B8AF}
	EndGlobalSection
EndGlobal
